
Microsoft Visual Studio Solution File, Format Version 12.00
# Visual Studio 15
Project("{FAE04EC0-301F-11D3-BF4B-00C04F79EFBC}") = "NTracktive", "NTracktive\NTracktive.csproj", "{C1EDFCF2-F8E6-4F3E-A5F6-01878656D950}"
EndProject
Project("{2150E333-8FDC-42A3-9474-1A3956D46DE8}") = "samples", "samples", "{CE3A3859-E442-4205-966E-3B080BFD5AB1}"
EndProject
Project("{FAE04EC0-301F-11D3-BF4B-00C04F79EFBC}") = "Midi2TracktionEdit", "samples\Midi2TracktionEdit\Midi2TracktionEdit.csproj", "{DEFF3B36-980A-46D6-8149-B5C3F02600E0}"
EndProject
Project("{FAE04EC0-301F-11D3-BF4B-00C04F79EFBC}") = "Midi2TracktionEdit.Console", "samples\Midi2TracktionEdit.Console\Midi2TracktionEdit.Console.csproj", "{FA3A73E5-8093-477C-8057-0100BBDFA0FC}"
EndProject
Project("{FAE04EC0-301F-11D3-BF4B-00C04F79EFBC}") = "Augene", "samples\Augene\Augene.csproj", "{C5F078EF-F6C6-45BF-A756-1E23638A5A34}"
EndProject
Global
	GlobalSection(SolutionConfigurationPlatforms) = preSolution
		Debug|Any CPU = Debug|Any CPU
		Release|Any CPU = Release|Any CPU
	EndGlobalSection
	GlobalSection(ProjectConfigurationPlatforms) = postSolution
		{C1EDFCF2-F8E6-4F3E-A5F6-01878656D950}.Debug|Any CPU.ActiveCfg = Debug|Any CPU
		{C1EDFCF2-F8E6-4F3E-A5F6-01878656D950}.Debug|Any CPU.Build.0 = Debug|Any CPU
		{C1EDFCF2-F8E6-4F3E-A5F6-01878656D950}.Release|Any CPU.ActiveCfg = Release|Any CPU
		{C1EDFCF2-F8E6-4F3E-A5F6-01878656D950}.Release|Any CPU.Build.0 = Release|Any CPU
		{DEFF3B36-980A-46D6-8149-B5C3F02600E0}.Debug|Any CPU.ActiveCfg = Debug|Any CPU
		{DEFF3B36-980A-46D6-8149-B5C3F02600E0}.Debug|Any CPU.Build.0 = Debug|Any CPU
		{DEFF3B36-980A-46D6-8149-B5C3F02600E0}.Release|Any CPU.ActiveCfg = Release|Any CPU
		{DEFF3B36-980A-46D6-8149-B5C3F02600E0}.Release|Any CPU.Build.0 = Release|Any CPU
		{FA3A73E5-8093-477C-8057-0100BBDFA0FC}.Debug|Any CPU.ActiveCfg = Debug|Any CPU
		{FA3A73E5-8093-477C-8057-0100BBDFA0FC}.Debug|Any CPU.Build.0 = Debug|Any CPU
		{FA3A73E5-8093-477C-8057-0100BBDFA0FC}.Release|Any CPU.ActiveCfg = Release|Any CPU
		{FA3A73E5-8093-477C-8057-0100BBDFA0FC}.Release|Any CPU.Build.0 = Release|Any CPU
		{C5F078EF-F6C6-45BF-A756-1E23638A5A34}.Debug|Any CPU.ActiveCfg = Debug|Any CPU
		{C5F078EF-F6C6-45BF-A756-1E23638A5A34}.Debug|Any CPU.Build.0 = Debug|Any CPU
		{C5F078EF-F6C6-45BF-A756-1E23638A5A34}.Release|Any CPU.ActiveCfg = Release|Any CPU
		{C5F078EF-F6C6-45BF-A756-1E23638A5A34}.Release|Any CPU.Build.0 = Release|Any CPU
	EndGlobalSection
	GlobalSection(NestedProjects) = preSolution
		{FA3A73E5-8093-477C-8057-0100BBDFA0FC} = {CE3A3859-E442-4205-966E-3B080BFD5AB1}
		{C5F078EF-F6C6-45BF-A756-1E23638A5A34} = {CE3A3859-E442-4205-966E-3B080BFD5AB1}
		{DEFF3B36-980A-46D6-8149-B5C3F02600E0} = {CE3A3859-E442-4205-966E-3B080BFD5AB1}
	EndGlobalSection
EndGlobal
